
Microsoft Visual Studio Solution File, Format Version 12.00
# Visual Studio Version 17
VisualStudioVersion = 17.11.35327.3
MinimumVisualStudioVersion = 10.0.40219.1
Project("{2150E333-8FDC-42A3-9474-1A3956D46DE8}") = "BuildingBlocks", "BuildingBlocks", "{33793B14-27C7-4A14-BD80-5D1A70A0CF8A}"
EndProject
Project("{9A19103F-16F7-4668-BE54-9A1E7A4F7556}") = "BuildingBlocks", "BuildingBlocks\BuildingBlocks.csproj", "{10768299-2D7D-4BE0-9CF8-7275BEFA4DD9}"
EndProject
Project("{9A19103F-16F7-4668-BE54-9A1E7A4F7556}") = "prm392.Presenter", "prm392.Presenter\prm392.Presenter.csproj", "{E3EF93CD-3479-47FC-A009-3C9ED59DCF34}"
EndProject
Global
	GlobalSection(SolutionConfigurationPlatforms) = preSolution
		Debug|Any CPU = Debug|Any CPU
		Release|Any CPU = Release|Any CPU
	EndGlobalSection
	GlobalSection(ProjectConfigurationPlatforms) = postSolution
		{10768299-2D7D-4BE0-9CF8-7275BEFA4DD9}.Debug|Any CPU.ActiveCfg = Debug|Any CPU
		{10768299-2D7D-4BE0-9CF8-7275BEFA4DD9}.Debug|Any CPU.Build.0 = Debug|Any CPU
		{10768299-2D7D-4BE0-9CF8-7275BEFA4DD9}.Release|Any CPU.ActiveCfg = Release|Any CPU
		{10768299-2D7D-4BE0-9CF8-7275BEFA4DD9}.Release|Any CPU.Build.0 = Release|Any CPU
		{E3EF93CD-3479-47FC-A009-3C9ED59DCF34}.Debug|Any CPU.ActiveCfg = Debug|Any CPU
		{E3EF93CD-3479-47FC-A009-3C9ED59DCF34}.Debug|Any CPU.Build.0 = Debug|Any CPU
		{E3EF93CD-3479-47FC-A009-3C9ED59DCF34}.Release|Any CPU.ActiveCfg = Release|Any CPU
		{E3EF93CD-3479-47FC-A009-3C9ED59DCF34}.Release|Any CPU.Build.0 = Release|Any CPU
	EndGlobalSection
	GlobalSection(SolutionProperties) = preSolution
		HideSolutionNode = FALSE
	EndGlobalSection
	GlobalSection(NestedProjects) = preSolution
		{10768299-2D7D-4BE0-9CF8-7275BEFA4DD9} = {33793B14-27C7-4A14-BD80-5D1A70A0CF8A}
	EndGlobalSection
	GlobalSection(ExtensibilityGlobals) = postSolution
		SolutionGuid = {3A52A2BE-D6F8-4CC0-A094-298E76838F9E}
	EndGlobalSection
EndGlobal
